
Microsoft Visual Studio Solution File, Format Version 12.00
# Visual Studio Version 17
VisualStudioVersion = 17.8.34330.188
MinimumVisualStudioVersion = 10.0.40219.1
Project("{FAE04EC0-301F-11D3-BF4B-00C04F79EFBC}") = "GymRats.Server", "GymRats.Server\GymRats.Server.csproj", "{A68C18FE-03C3-4DC9-AC53-2957E55DE871}"
EndProject
Project("{54A90642-561A-4BB1-A94E-469ADEE60C69}") = "gymrats.client", "gymrats.client\gymrats.client.esproj", "{8E8A6EE5-89D6-42EE-9488-06BC98988BF5}"
EndProject
Global
	GlobalSection(SolutionConfigurationPlatforms) = preSolution
		Debug|Any CPU = Debug|Any CPU
		Release|Any CPU = Release|Any CPU
	EndGlobalSection
	GlobalSection(ProjectConfigurationPlatforms) = postSolution
		{A68C18FE-03C3-4DC9-AC53-2957E55DE871}.Debug|Any CPU.ActiveCfg = Debug|Any CPU
		{A68C18FE-03C3-4DC9-AC53-2957E55DE871}.Debug|Any CPU.Build.0 = Debug|Any CPU
		{A68C18FE-03C3-4DC9-AC53-2957E55DE871}.Release|Any CPU.ActiveCfg = Release|Any CPU
		{A68C18FE-03C3-4DC9-AC53-2957E55DE871}.Release|Any CPU.Build.0 = Release|Any CPU
		{8E8A6EE5-89D6-42EE-9488-06BC98988BF5}.Debug|Any CPU.ActiveCfg = Debug|Any CPU
		{8E8A6EE5-89D6-42EE-9488-06BC98988BF5}.Debug|Any CPU.Build.0 = Debug|Any CPU
		{8E8A6EE5-89D6-42EE-9488-06BC98988BF5}.Debug|Any CPU.Deploy.0 = Debug|Any CPU
		{8E8A6EE5-89D6-42EE-9488-06BC98988BF5}.Release|Any CPU.ActiveCfg = Release|Any CPU
		{8E8A6EE5-89D6-42EE-9488-06BC98988BF5}.Release|Any CPU.Build.0 = Release|Any CPU
		{8E8A6EE5-89D6-42EE-9488-06BC98988BF5}.Release|Any CPU.Deploy.0 = Release|Any CPU
	EndGlobalSection
	GlobalSection(SolutionProperties) = preSolution
		HideSolutionNode = FALSE
	EndGlobalSection
	GlobalSection(ExtensibilityGlobals) = postSolution
		SolutionGuid = {55B1CA3A-271B-4E2B-97C3-63D60491327D}
	EndGlobalSection
EndGlobal
